PODS:
  - audio_session (0.0.1):
    - Flutter
  - connectivity_plus (0.0.1):
    - Flutter
    - ReachabilitySwift
  - device_info_plus (0.0.1):
    - Flutter
  - Firebase/CoreOnly (10.0.0):
    - FirebaseCore (= 10.0.0)
  - Firebase/Messaging (10.0.0):
    - Firebase/CoreOnly
    - FirebaseMessaging (~> 10.0.0)
  - firebase_core (2.1.0):
    - Firebase/CoreOnly (= 10.0.0)
    - Flutter
  - firebase_messaging (14.0.2):
    - Firebase/Messaging (= 10.0.0)
    - firebase_core
    - Flutter
  - FirebaseCore (10.0.0):
    - FirebaseCoreInternal (~> 10.0)
    - GoogleUtilities/Environment (~> 7.8)
    - GoogleUtilities/Logger (~> 7.8)
  - FirebaseCoreInternal (10.0.0):
    - "GoogleUtilities/NSData+zlib (~> 7.8)"
  - FirebaseInstallations (10.0.0):
    - FirebaseCore (~> 10.0)
    - GoogleUtilities/Environment (~> 7.8)
    - GoogleUtilities/UserDefaults (~> 7.8)
    - PromisesObjC (~> 2.1)
  - FirebaseMessaging (10.0.0):
    - FirebaseCore (~> 10.0)
    - FirebaseInstallations (~> 10.0)
    - GoogleDataTransport (~> 9.2)
    - GoogleUtilities/AppDelegateSwizzler (~> 7.8)
    - GoogleUtilities/Environment (~> 7.8)
    - GoogleUtilities/Reachability (~> 7.8)
    - GoogleUtilities/UserDefaults (~> 7.8)
    - nanopb (< 2.30910.0, >= 2.30908.0)
  - Flutter (1.0.0)
  - flutter_local_notifications (0.0.1):
    - Flutter
  - flutter_media_metadata (0.0.1):
    - Flutter
  - flutter_sound (9.2.13):
    - Flutter
    - flutter_sound_core (= 9.2.13)
  - flutter_sound_core (9.2.13)
  - FMDB (2.7.5):
    - FMDB/standard (= 2.7.5)
  - FMDB/standard (2.7.5)
  - freshchat_sdk (0.0.1):
    - Flutter
    - FreshchatSDK (= 5.3.1)
  - FreshchatSDK (5.3.1)
  - GoogleDataTransport (9.2.0):
    - GoogleUtilities/Environment (~> 7.7)
    - nanopb (< 2.30910.0, >= 2.30908.0)
    - PromisesObjC (< 3.0, >= 1.2)
  - GoogleUtilities/AppDelegateSwizzler (7.8.0):
    - GoogleUtilities/Environment
    - GoogleUtilities/Logger
    - GoogleUtilities/Network
  - GoogleUtilities/Environment (7.8.0):
    - PromisesObjC (< 3.0, >= 1.2)
  - GoogleUtilities/Logger (7.8.0):
    - GoogleUtilities/Environment
  - GoogleUtilities/Network (7.8.0):
    - GoogleUtilities/Logger
    - "GoogleUtilities/NSData+zlib"
    - GoogleUtilities/Reachability
  - "GoogleUtilities/NSData+zlib (7.8.0)"
  - GoogleUtilities/Reachability (7.8.0):
    - GoogleUtilities/Logger
  - GoogleUtilities/UserDefaults (7.8.0):
    - GoogleUtilities/Logger
  - image_picker_ios (0.0.1):
    - Flutter
  - nanopb (2.30909.0):
    - nanopb/decode (= 2.30909.0)
    - nanopb/encode (= 2.30909.0)
  - nanopb/decode (2.30909.0)
  - nanopb/encode (2.30909.0)
  - open_mail_app (0.0.1):
    - Flutter
  - package_info_plus (0.4.5):
    - Flutter
  - path_provider_ios (0.0.1):
    - Flutter
  - permission_handler_apple (9.0.4):
    - Flutter
  - PromisesObjC (2.1.1)
  - ReachabilitySwift (5.0.0)
  - share_plus (0.0.1):
    - Flutter
  - sqflite (0.0.2):
    - Flutter
    - FMDB (>= 2.7.5)
  - url_launcher_ios (0.0.1):
    - Flutter

DEPENDENCIES:
  - audio_session (from `.symlinks/plugins/audio_session/ios`)
  - connectivity_plus (from `.symlinks/plugins/connectivity_plus/ios`)
  - device_info_plus (from `.symlinks/plugins/device_info_plus/ios`)
  - firebase_core (from `.symlinks/plugins/firebase_core/ios`)
  - firebase_messaging (from `.symlinks/plugins/firebase_messaging/ios`)
  - Flutter (from `Flutter`)
  - flutter_local_notifications (from `.symlinks/plugins/flutter_local_notifications/ios`)
  - flutter_media_metadata (from `.symlinks/plugins/flutter_media_metadata/ios`)
  - flutter_sound (from `.symlinks/plugins/flutter_sound/ios`)
  - freshchat_sdk (from `.symlinks/plugins/freshchat_sdk/ios`)
  - image_picker_ios (from `.symlinks/plugins/image_picker_ios/ios`)
  - open_mail_app (from `.symlinks/plugins/open_mail_app/ios`)
  - package_info_plus (from `.symlinks/plugins/package_info_plus/ios`)
  - path_provider_ios (from `.symlinks/plugins/path_provider_ios/ios`)
  - permission_handler_apple (from `.symlinks/plugins/permission_handler_apple/ios`)
  - share_plus (from `.symlinks/plugins/share_plus/ios`)
  - sqflite (from `.symlinks/plugins/sqflite/ios`)
  - url_launcher_ios (from `.symlinks/plugins/url_launcher_ios/ios`)

SPEC REPOS:
  trunk:
    - Firebase
    - FirebaseCore
    - FirebaseCoreInternal
    - FirebaseInstallations
    - FirebaseMessaging
    - flutter_sound_core
    - FMDB
    - FreshchatSDK
    - GoogleDataTransport
    - GoogleUtilities
    - nanopb
    - PromisesObjC
    - ReachabilitySwift

EXTERNAL SOURCES:
  audio_session:
    :path: ".symlinks/plugins/audio_session/ios"
  connectivity_plus:
    :path: ".symlinks/plugins/connectivity_plus/ios"
  device_info_plus:
    :path: ".symlinks/plugins/device_info_plus/ios"
  firebase_core:
    :path: ".symlinks/plugins/firebase_core/ios"
  firebase_messaging:
    :path: ".symlinks/plugins/firebase_messaging/ios"
  Flutter:
    :path: Flutter
  flutter_local_notifications:
    :path: ".symlinks/plugins/flutter_local_notifications/ios"
  flutter_media_metadata:
    :path: ".symlinks/plugins/flutter_media_metadata/ios"
  flutter_sound:
    :path: ".symlinks/plugins/flutter_sound/ios"
  freshchat_sdk:
    :path: ".symlinks/plugins/freshchat_sdk/ios"
  image_picker_ios:
    :path: ".symlinks/plugins/image_picker_ios/ios"
  open_mail_app:
    :path: ".symlinks/plugins/open_mail_app/ios"
  package_info_plus:
    :path: ".symlinks/plugins/package_info_plus/ios"
  path_provider_ios:
    :path: ".symlinks/plugins/path_provider_ios/ios"
  permission_handler_apple:
    :path: ".symlinks/plugins/permission_handler_apple/ios"
  share_plus:
    :path: ".symlinks/plugins/share_plus/ios"
  sqflite:
    :path: ".symlinks/plugins/sqflite/ios"
  url_launcher_ios:
    :path: ".symlinks/plugins/url_launcher_ios/ios"

SPEC CHECKSUMS:
  audio_session: 4f3e461722055d21515cf3261b64c973c062f345
  connectivity_plus: 413a8857dd5d9f1c399a39130850d02fe0feaf7e
  device_info_plus: e5c5da33f982a436e103237c0c85f9031142abed
  Firebase: 1b810f3d0c0532e27a48f1961f8c0400a668a2cf
  firebase_core: 9f457751caed72a30d23be90eb72de6ccbd1f9b0
  firebase_messaging: 169ae56e5d64013d605b954b43e1b928a9170471
  FirebaseCore: 97f48a3a567a72b8d4daa0f03c3aadb78df4e995
  FirebaseCoreInternal: 5eb3960335da5ea30115d57d39db6988c4ad06f3
  FirebaseInstallations: 7f1c9ae6bd9df6abe9c74124b38fa8740aba5df4
  FirebaseMessaging: 8916bf5edb1dbfac74665a181e4d1ab3a78a08a2
  Flutter: f04841e97a9d0b0a8025694d0796dd46242b2854
  flutter_local_notifications: 0c0b1ae97e741e1521e4c1629a459d04b9aec743
  flutter_media_metadata: 9db7298c789a54da26e0d2f6f808fa39bfd9bcd7
  flutter_sound: c60effa2a350fb977885f0db2fbc4c1ad5160900
  flutter_sound_core: 26c10e5832e76aaacfae252d8925232281c486ae
  FMDB: 2ce00b547f966261cd18927a3ddb07cb6f3db82a
  freshchat_sdk: c0693281fe346bb1861c0268e8cc134238778b9c
  FreshchatSDK: 8b2680e0a19b852d2ea23dc877ac6e3557ba6dfe
  GoogleDataTransport: 1c8145da7117bd68bbbed00cf304edb6a24de00f
  GoogleUtilities: 1d20a6ad97ef46f67bbdec158ce00563a671ebb7
  image_picker_ios: b786a5dcf033a8336a657191401bfdf12017dabb
  nanopb: b552cce312b6c8484180ef47159bc0f65a1f0431
  open_mail_app: 794172f6a22cd16319d3ddaf45e945b2f74952b0
  package_info_plus: 6c92f08e1f853dc01228d6f553146438dafcd14e
  path_provider_ios: 14f3d2fd28c4fdb42f44e0f751d12861c43cee02
  permission_handler_apple: 44366e37eaf29454a1e7b1b7d736c2cceaeb17ce
  PromisesObjC: ab77feca74fa2823e7af4249b8326368e61014cb
  ReachabilitySwift: 985039c6f7b23a1da463388634119492ff86c825
  share_plus: 056a1e8ac890df3e33cb503afffaf1e9b4fbae68
  sqflite: 6d358c025f5b867b29ed92fc697fd34924e11904
  url_launcher_ios: 839c58cdb4279282219f5e248c3321761ff3c4de

PODFILE CHECKSUM: e34b8d6e973612758e59eb4624491115bbc47f94

COCOAPODS: 1.11.2
